github.com/go-sql-driver/mysql v1.6.0 h1:BCTh4TKNUYmOmMUcQ3IipzF5prigylS7XXjEkfCHuOE=
github.com/go-sql-driver/mysql v1.6.0/go.mod h1:DCzpHaOWr8IXmIStZouvnhqoel9Qv2LBy8hT2VhHyBg=
github.com/kisielk/godepgraph v0.0.0-20190626013829-57a7e4a651a9 h1:ZkWH0x1yafBo+Y2WdGGdszlJrMreMXWl7/dqpEkwsIk=
github.com/kisielk/godepgraph v0.0.0-20190626013829-57a7e4a651a9/go.mod h1:Gb5YEgxqiSSVrXKWQxDcKoCM94NO5QAwOwTaVmIUAMI=
